
Microsoft Visual Studio Solution File, Format Version 12.00
# Visual Studio Version 17
VisualStudioVersion = 17.13.35931.197 d17.13
MinimumVisualStudioVersion = 10.0.40219.1
Project("{FAE04EC0-301F-11D3-BF4B-00C04F79EFBC}") = "AT", "AT.csproj", "{31602815-1A64-48B5-92D9-BE5265B2F312}"
EndProject
Global
	GlobalSection(SolutionConfigurationPlatforms) = preSolution
		Debug|Any CPU = Debug|Any CPU
		Release|Any CPU = Release|Any CPU
	EndGlobalSection
	GlobalSection(ProjectConfigurationPlatforms) = postSolution
		{31602815-1A64-48B5-92D9-BE5265B2F312}.Debug|Any CPU.ActiveCfg = Debug|Any CPU
		{31602815-1A64-48B5-92D9-BE5265B2F312}.Debug|Any CPU.Build.0 = Debug|Any CPU
		{31602815-1A64-48B5-92D9-BE5265B2F312}.Release|Any CPU.ActiveCfg = Release|Any CPU
		{31602815-1A64-48B5-92D9-BE5265B2F312}.Release|Any CPU.Build.0 = Release|Any CPU
	EndGlobalSection
	GlobalSection(SolutionProperties) = preSolution
		HideSolutionNode = FALSE
	EndGlobalSection
	GlobalSection(ExtensibilityGlobals) = postSolution
		SolutionGuid = {A6447A42-EA61-4015-9830-AA85443F352A}
	EndGlobalSection
EndGlobal
